# THIS IS AN AUTOGENERATED FILE. DO NOT EDIT THIS FILE DIRECTLY.
# yarn lockfile v1


"@polymer/lit-element@^0.6.1":
  version "0.6.4"
  resolved "https://registry.yarnpkg.com/@polymer/lit-element/-/lit-element-0.6.4.tgz#84806454a7f5e5280947d6ec84b613e09aa3d466"
  integrity sha512-5EsrZJebIE1plULhMtC21zpryzJNFxM63/XY7G2BvzX/zd2rSPuNsqXiBK2x76TniLDaxuD4Tj6eb3WgR1OoCg==
  dependencies:
    lit-html "^0.14.0"

lit-html@^0.14.0:
  version "0.14.0"
  resolved "https://registry.yarnpkg.com/lit-html/-/lit-html-0.14.0.tgz#d6830e8f55fb923b0f5824decf7da082a1d22997"
  integrity sha512-+xqUPzzJGEDqb0F5DOnMXvL0jxpkKebAMlXycKZxFtzlmD+qePEmYrEUPF9XVXcc5eYBzYXTCOUcjSCod4YvgQ==

typed.js@^2.0.9:
  version "2.0.9"
  resolved "https://registry.yarnpkg.com/typed.js/-/typed.js-2.0.9.tgz#2e4e590466938ecb2ef5ec966a79b2d9381495ff"
  integrity sha512-RTv7MvbsJ0ajz3PW/o325kXo0+gZAGW9xoZQ9eXrdvTg9prvH5JgAVeAITYuh7OoGStl1yuJgcR07IO10l3Q3g==

wc-typed-js@^1.0.1:
  version "1.0.1"
  resolved "https://registry.yarnpkg.com/wc-typed-js/-/wc-typed-js-1.0.1.tgz#b0a6055a974fad765e6380f9eee60185cde774fb"
  integrity sha512-O2dDdZ2ILTWu5Y1BRHpkHDa8QuWs8TbMk6d5/k4G2SGRMlhz/HADAFVo86TGpZd9F2LpNlCC9suH7XSUUPGp5g==
  dependencies:
    "@polymer/lit-element" "^0.6.1"
    typed.js "^2.0.9"
